
Microsoft Visual Studio Solution File, Format Version 12.00
# Visual Studio Version 17
VisualStudioVersion = 17.14.36414.22 d17.14
MinimumVisualStudioVersion = 10.0.40219.1
Project("{8BC9CEB8-8B4A-11D0-8D11-00A0C91BC942}") = "#20_Access_Specifiers_Modifiers_Review", "#20_Access_Specifiers_Modifiers_Review\#20_Access_Specifiers_Modifiers_Review.vcxproj", "{0788D24F-AF22-48AD-B813-87DD616AAD02}"
EndProject
Global
	GlobalSection(SolutionConfigurationPlatforms) = preSolution
		Debug|x64 = Debug|x64
		Debug|x86 = Debug|x86
		Release|x64 = Release|x64
		Release|x86 = Release|x86
	EndGlobalSection
	GlobalSection(ProjectConfigurationPlatforms) = postSolution
		{0788D24F-AF22-48AD-B813-87DD616AAD02}.Debug|x64.ActiveCfg = Debug|x64
		{0788D24F-AF22-48AD-B813-87DD616AAD02}.Debug|x64.Build.0 = Debug|x64
		{0788D24F-AF22-48AD-B813-87DD616AAD02}.Debug|x86.ActiveCfg = Debug|Win32
		{0788D24F-AF22-48AD-B813-87DD616AAD02}.Debug|x86.Build.0 = Debug|Win32
		{0788D24F-AF22-48AD-B813-87DD616AAD02}.Release|x64.ActiveCfg = Release|x64
		{0788D24F-AF22-48AD-B813-87DD616AAD02}.Release|x64.Build.0 = Release|x64
		{0788D24F-AF22-48AD-B813-87DD616AAD02}.Release|x86.ActiveCfg = Release|Win32
		{0788D24F-AF22-48AD-B813-87DD616AAD02}.Release|x86.Build.0 = Release|Win32
	EndGlobalSection
	GlobalSection(SolutionProperties) = preSolution
		HideSolutionNode = FALSE
	EndGlobalSection
	GlobalSection(ExtensibilityGlobals) = postSolution
		SolutionGuid = {4102F8F1-6FA3-4A7F-96E2-89505BBDA1A0}
	EndGlobalSection
EndGlobal
