
Microsoft Visual Studio Solution File, Format Version 12.00
# Visual Studio Version 17
VisualStudioVersion = 17.14.36414.22 d17.14
MinimumVisualStudioVersion = 10.0.40219.1
Project("{8BC9CEB8-8B4A-11D0-8D11-00A0C91BC942}") = "#26", "#26\#26.vcxproj", "{C770B937-7832-4A88-AC0E-2BE431A0A614}"
EndProject
Global
	GlobalSection(SolutionConfigurationPlatforms) = preSolution
		Debug|x64 = Debug|x64
		Debug|x86 = Debug|x86
		Release|x64 = Release|x64
		Release|x86 = Release|x86
	EndGlobalSection
	GlobalSection(ProjectConfigurationPlatforms) = postSolution
		{C770B937-7832-4A88-AC0E-2BE431A0A614}.Debug|x64.ActiveCfg = Debug|x64
		{C770B937-7832-4A88-AC0E-2BE431A0A614}.Debug|x64.Build.0 = Debug|x64
		{C770B937-7832-4A88-AC0E-2BE431A0A614}.Debug|x86.ActiveCfg = Debug|Win32
		{C770B937-7832-4A88-AC0E-2BE431A0A614}.Debug|x86.Build.0 = Debug|Win32
		{C770B937-7832-4A88-AC0E-2BE431A0A614}.Release|x64.ActiveCfg = Release|x64
		{C770B937-7832-4A88-AC0E-2BE431A0A614}.Release|x64.Build.0 = Release|x64
		{C770B937-7832-4A88-AC0E-2BE431A0A614}.Release|x86.ActiveCfg = Release|Win32
		{C770B937-7832-4A88-AC0E-2BE431A0A614}.Release|x86.Build.0 = Release|Win32
	EndGlobalSection
	GlobalSection(SolutionProperties) = preSolution
		HideSolutionNode = FALSE
	EndGlobalSection
	GlobalSection(ExtensibilityGlobals) = postSolution
		SolutionGuid = {B5B466FE-FE3D-4348-BE5F-F13FFAB99EF7}
	EndGlobalSection
EndGlobal
